lockfileVersion: '9.0'

settings:
  autoInstallPeers: true
  excludeLinksFromLockfile: false

importers:

  .:
    dependencies:
      '@actions/core':
        specifier: ^3.0.1
        version: 3.0.1
      '@actions/github':
        specifier: ^9.1.1
        version: 9.1.1
    devDependencies:
      '@biomejs/biome':
        specifier: 2.5.2
        version: 2.5.2
      '@rollup/plugin-commonjs':
        specifier: ^29.0.3
        version: 29.0.3(rollup@4.61.0)
      '@rollup/plugin-node-resolve':
        specifier: ^16.0.0
        version: 16.0.3(rollup@4.61.0)
      '@rollup/plugin-typescript':
        specifier: ^12.0.0
        version: 12.3.0(rollup@4.61.0)(tslib@2.8.1)(typescript@6.0.3)
      '@types/node':
        specifier: ^24.12.4
        version: 24.12.4
      js-yaml:
        specifier: ^4.2.0
        version: 4.2.0
      rimraf:
        specifier: ^6.0.0
        version: 6.1.3
      rollup:
        specifier: ^4.61.0
        version: 4.61.0
      tslib:
        specifier: ^2.8.1
        version: 2.8.1
      typescript:
        specifier: ^6.0.3
        version: 6.0.3

packages:

  '@actions/core@3.0.1':
    resolution: {integrity: sha512-a6d/Nwahm9fliVGRhdhofo40HjHQasUPusmc7vBfyky+7Z+P2A1J68zyFVaNcEclc/Se+eO595oAr5nwEIoIUA==}

  '@actions/exec@3.0.0':
    resolution: {integrity: sha512-6xH/puSoNBXb72VPlZVm7vQ+svQpFyA96qdDBvhB8eNZOE8LtPf9L4oAsfzK/crCL8YZ+19fKYVnM63Sl+Xzlw==}

  '@actions/github@9.1.1':
    resolution: {integrity: sha512-tL5JbYOBZHc0ngEnCsaDcryUizIUIlQyIMwy1Wkx93H5HzbBJ7TbiPx2PnFjBwZW0Vh05JmfFZhecE6gglYegA==}

  '@actions/http-client@3.0.2':
    resolution: {integrity: sha512-JP38FYYpyqvUsz+Igqlc/JG6YO9PaKuvqjM3iGvaLqFnJ7TFmcLyy2IDrY0bI0qCQug8E9K+elv5ZNfw62ZJzA==}

  '@actions/http-client@4.0.1':
    resolution: {integrity: sha512-+Nvd1ImaOZBSoPbsUtEhv+1z99H12xzncCkz0a3RuehINE81FZSe2QTj3uvAPTcJX/SCzUQHQ0D1GrPMbrPitg==}

  '@actions/io@3.0.2':
    resolution: {integrity: sha512-nRBchcMM+QK1pdjO7/idu86rbJI5YHUKCvKs0KxnSYbVe3F51UfGxuZX4Qy/fWlp6l7gWFwIkrOzN+oUK03kfw==}

  '@biomejs/biome@2.5.2':
    resolution: {integrity: sha512-VQ3RCqr7JmDIX+w6stWYl+g/3bYofN3q2wDBHUKKc/c7i5QWrFKFBZYCYPWTE6agsUPMIZZe6/CMmVUfUAhkKA==}
    engines: {node: '>=14.21.3'}
    hasBin: true

  '@biomejs/cli-darwin-arm64@2.5.2':
    resolution: {integrity: sha512-e7P3P7EkwFc/KiX2AHw4YDLIBOMfG9CPCAwy52k5Bp0dfhkozx9hf6wCmIr2QeXy2XeccJ3V/Sg+hDmzYEqxSg==}
    engines: {node: '>=14.21.3'}
    cpu: [arm64]
    os: [darwin]

  '@biomejs/cli-darwin-x64@2.5.2':
    resolution: {integrity: sha512-ymzMvjC1Jg0b9K0D26ZdARqFQXs7MocfLC5FOCGfkC0Ss+ACUJkX5364ZM5nT4NLZanHRZNVrZEy+Ibwcvux/g==}
    engines: {node: '>=14.21.3'}
    cpu: [x64]
    os: [darwin]

  '@biomejs/cli-linux-arm64-musl@2.5.2':
    resolution: {integrity: sha512-w+ANG0ZvTu9IeEg9QnstoOnk6L0fpwJifW6aHR18+cb5Z39bkANItYjAfMrnvce5tmMK+IQ6nPX7/kQFdam5iw==}
    engines: {node: '>=14.21.3'}
    cpu: [arm64]
    os: [linux]

  '@biomejs/cli-linux-arm64@2.5.2':
    resolution: {integrity: sha512-t7sseOmqND57uUWTwlawU6BYj+J06T/9EkydzBhkrgw/FK3QVhjU2wsJR0frljrKZ0/I8A/rYw7284QgqjQfIQ==}
    engines: {node: '>=14.21.3'}
    cpu: [arm64]
    os: [linux]

  '@biomejs/cli-linux-x64-musl@2.5.2':
    resolution: {integrity: sha512-VArNLAzND063tF+XY0yPyM+DyahpzOMzOAvb7qs259nhjJWRjvjZdssuA+Rfl+l07+NOesKZ0Xu2yFrXyBMtzw==}
    engines: {node: '>=14.21.3'}
    cpu: [x64]
    os: [linux]

  '@biomejs/cli-linux-x64@2.5.2':
    resolution: {integrity: sha512-M/lOZrewzTCRDINbjhQ1gYYru37KlD3kJBQwwKCG0ckz5E9IZwIoJ3X0wBwRXA+yBDIwWUuPBHS67HzJY4dTfA==}
    engines: {node: '>=14.21.3'}
    cpu: [x64]
    os: [linux]

  '@biomejs/cli-win32-arm64@2.5.2':
    resolution: {integrity: sha512-kbjFFKyZlzYnAuw7sRy5qDoFG6zrP40UK08oPQsWK0ct3NMnGSt+Bs1iviEEyEIP57N5MrykGXdO/wRiaR4lww==}
    engines: {node: '>=14.21.3'}
    cpu: [arm64]
    os: [win32]

  '@biomejs/cli-win32-x64@2.5.2':
    resolution: {integrity: sha512-4InchVpdVmdkkkgjQqKpgvyu+VPnoF/7RPSw5YATgEVpt2j72wcCAeV5TwaE9ZGJUZWZn7v2CwSAj6CrMJEx8A==}
    engines: {node: '>=14.21.3'}
    cpu: [x64]
    os: [win32]

  '@jridgewell/sourcemap-codec@1.5.5':
    resolution: {integrity: sha512-cYQ9310grqxueWbl+WuIUIaiUaDcj7WOq5fVhEljNVgRfOUhY9fy2zTvfoqWsnebh8Sl70VScFbICvJnLKB0Og==}

  '@octokit/auth-token@6.0.0':
    resolution: {integrity: sha512-P4YJBPdPSpWTQ1NU4XYdvHvXJJDxM6YwpS0FZHRgP7YFkdVxsWcpWGy/NVqlAA7PcPCnMacXlRm1y2PFZRWL/w==}
    engines: {node: '>= 20'}

  '@octokit/core@7.0.6':
    resolution: {integrity: sha512-DhGl4xMVFGVIyMwswXeyzdL4uXD5OGILGX5N8Y+f6W7LhC1Ze2poSNrkF/fedpVDHEEZ+PHFW0vL14I+mm8K3Q==}
    engines: {node: '>= 20'}

  '@octokit/endpoint@11.0.3':
    resolution: {integrity: sha512-FWFlNxghg4HrXkD3ifYbS/IdL/mDHjh9QcsNyhQjN8dplUoZbejsdpmuqdA76nxj2xoWPs7p8uX2SNr9rYu0Ag==}
    engines: {node: '>= 20'}

  '@octokit/graphql@9.0.3':
    resolution: {integrity: sha512-grAEuupr/C1rALFnXTv6ZQhFuL1D8G5y8CN04RgrO4FIPMrtm+mcZzFG7dcBm+nq+1ppNixu+Jd78aeJOYxlGA==}
    engines: {node: '>= 20'}

  '@octokit/openapi-types@27.0.0':
    resolution: {integrity: sha512-whrdktVs1h6gtR+09+QsNk2+FO+49j6ga1c55YZudfEG+oKJVvJLQi3zkOm5JjiUXAagWK2tI2kTGKJ2Ys7MGA==}

  '@octokit/plugin-paginate-rest@14.0.0':
    resolution: {integrity: sha512-fNVRE7ufJiAA3XUrha2omTA39M6IXIc6GIZLvlbsm8QOQCYvpq/LkMNGyFlB1d8hTDzsAXa3OKtybdMAYsV/fw==}
    engines: {node: '>= 20'}
    peerDependencies:
      '@octokit/core': '>=6'

  '@octokit/plugin-rest-endpoint-methods@17.0.0':
    resolution: {integrity: sha512-B5yCyIlOJFPqUUeiD0cnBJwWJO8lkJs5d8+ze9QDP6SvfiXSz1BF+91+0MeI1d2yxgOhU/O+CvtiZ9jSkHhFAw==}
    engines: {node: '>= 20'}
    peerDependencies:
      '@octokit/core': '>=6'

  '@octokit/request-error@7.1.0':
    resolution: {integrity: sha512-KMQIfq5sOPpkQYajXHwnhjCC0slzCNScLHs9JafXc4RAJI+9f+jNDlBNaIMTvazOPLgb4BnlhGJOTbnN0wIjPw==}
    engines: {node: '>= 20'}

  '@octokit/request@10.0.8':
    resolution: {integrity: sha512-SJZNwY9pur9Agf7l87ywFi14W+Hd9Jg6Ifivsd33+/bGUQIjNujdFiXII2/qSlN2ybqUHfp5xpekMEjIBTjlSw==}
    engines: {node: '>= 20'}

  '@octokit/types@16.0.0':
    resolution: {integrity: sha512-sKq+9r1Mm4efXW1FCk7hFSeJo4QKreL/tTbR0rz/qx/r1Oa2VV83LTA/H/MuCOX7uCIJmQVRKBcbmWoySjAnSg==}

  '@rollup/plugin-commonjs@29.0.3':
    resolution: {integrity: sha512-ZaOxZceP7SOUW7Lqw5IRVweSQYWaeIPnXIGLiB690EBA3FGJTO40EEr2L5yZplJWsgTCogILRSpcAe7+U0Otdg==}
    engines: {node: '>=16.0.0 || 14 >= 14.17'}
    peerDependencies:
      rollup: ^2.68.0||^3.0.0||^4.0.0
    peerDependenciesMeta:
      rollup:
        optional: true

  '@rollup/plugin-node-resolve@16.0.3':
    resolution: {integrity: sha512-lUYM3UBGuM93CnMPG1YocWu7X802BrNF3jW2zny5gQyLQgRFJhV1Sq0Zi74+dh/6NBx1DxFC4b4GXg9wUCG5Qg==}
    engines: {node: '>=14.0.0'}
    peerDependencies:
      rollup: ^2.78.0||^3.0.0||^4.0.0
    peerDependenciesMeta:
      rollup:
        optional: true

  '@rollup/plugin-typescript@12.3.0':
    resolution: {integrity: sha512-7DP0/p7y3t67+NabT9f8oTBFE6gGkto4SA6Np2oudYmZE/m1dt8RB0SjL1msMxFpLo631qjRCcBlAbq1ml/Big==}
    engines: {node: '>=14.0.0'}
    peerDependencies:
      rollup: ^2.14.0||^3.0.0||^4.0.0
      tslib: '*'
      typescript: '>=3.7.0'
    peerDependenciesMeta:
      rollup:
        optional: true
      tslib:
        optional: true

  '@rollup/pluginutils@5.3.0':
    resolution: {integrity: sha512-5EdhGZtnu3V88ces7s53hhfK5KSASnJZv8Lulpc04cWO3REESroJXg73DFsOmgbU2BhwV0E20bu2IDZb3VKW4Q==}
    engines: {node: '>=14.0.0'}
    peerDependencies:
      rollup: ^1.20.0||^2.0.0||^3.0.0||^4.0.0
    peerDependenciesMeta:
      rollup:
        optional: true

  '@rollup/pluginutils@5.4.0':
    resolution: {integrity: sha512-MfPp06CjRLfXQ3wY0R8vJDYBy/MvVcc9OulEfR0B8Iv9ko+GCNaRZ+EpJYFl27LhKsZK0o420sYCRHCjfCgeUg==}
    engines: {node: '>=14.0.0'}
    peerDependencies:
      rollup: ^1.20.0||^2.0.0||^3.0.0||^4.0.0
    peerDependenciesMeta:
      rollup:
        optional: true

  '@rollup/rollup-android-arm-eabi@4.61.0':
    resolution: {integrity: sha512-dnxczajOqt0gesZlN5pGQ1s1imQVrsmCw5G2Ci4oM+0WvNz3pyRnlWrT7McoZIb8VlFwCawdmbWRmxRn7HI+VQ==}
    cpu: [arm]
    os: [android]

  '@rollup/rollup-android-arm64@4.61.0':
    resolution: {integrity: sha512-Bp3JpGP00Vu3f238ivRrjf7z3xSzVPXqCmaJYA9t2c+c8vKYvOzmXF7LkkeUalTEGd6cZcSWe+PFIP3Vy48fRg==}
    cpu: [arm64]
    os: [android]

  '@rollup/rollup-darwin-arm64@4.61.0':
    resolution: {integrity: sha512-zaYIpr670mUmmZ1tVzUFplbQbG7h3Gugx3L5FoqhsC2m/YnLlR1a7zVLmXNPy+iY1tFPEbNG+HHBXZGyId0G5w==}
    cpu: [arm64]
    os: [darwin]

  '@rollup/rollup-darwin-x64@4.61.0':
    resolution: {integrity: sha512-+P49fvkv2dSoeevUW+lgZ/I2JHSsJCK1Lyjj7Cu6E4UHG4tS9XIefzIjo5qhgELjAclnen1rLzK2PMKJdo+Dyg==}
    cpu: [x64]
    os: [darwin]

  '@rollup/rollup-freebsd-arm64@4.61.0':
    resolution: {integrity: sha512-l3FAAOyKJXH2ea6KNFN+MMgC/rnE94YGLXs2ehYqDcCoHt1DpvgWX75BhUJxN38XojP7Ul+4H8PRn7EdyqSDrw==}
    cpu: [arm64]
    os: [freebsd]

  '@rollup/rollup-freebsd-x64@4.61.0':
    resolution: {integrity: sha512-VokPN3TSctKj65cyCNPaUh4vMFA8awxOot/0sp+4J7ZlNRKQEhXhawqPwajoi8H5ZFt61i0ugZJuTKXBjGJ17Q==}
    cpu: [x64]
    os: [freebsd]

  '@rollup/rollup-linux-arm-gnueabihf@4.61.0':
    resolution: {integrity: sha512-DxH0P3wxm+Yzs/p3zrk9dw1rURu8p0Nv5+MRK/L7OtnLNg5rLZraSBFZ8iUXOd9f2BlhJyEpIZUH/emjq4UJ4g==}
    cpu: [arm]
    os: [linux]

  '@rollup/rollup-linux-arm-musleabihf@4.61.0':
    resolution: {integrity: sha512-T6ZvMNe84kAz6TBWHC7hGAoEtzP1LWYw/AqayGWEF6uISt3Abk/st06LqRD9THd7Xz3NxzurUpzAuEAUbZf+nw==}
    cpu: [arm]
    os: [linux]

  '@rollup/rollup-linux-arm64-gnu@4.61.0':
    resolution: {integrity: sha512-q/4hzvQkDs8b4jIBab1pnLiiM0ayTZsN2amBFPDzuyZxjEd4wDwx0UJFYM3cOZzSf5Kw8fnWSprJzIBMkcR44Q==}
    cpu: [arm64]
    os: [linux]

  '@rollup/rollup-linux-arm64-musl@4.61.0':
    resolution: {integrity: sha512-vvYWX3akdEAY6km+9wAqFDnk6pQsbJKVnj7xawcvs/+fdlYBGp+U+Qq/lLfpIxYIZvZLHMAKD9HLdacSx/r3dw==}
    cpu: [arm64]
    os: [linux]

  '@rollup/rollup-linux-loong64-gnu@4.61.0':
    resolution: {integrity: sha512-DePa5cqOxDP/Zp0VOXpeWaGew5iIv5DXp9NYbzkX5PFQyWVX9184WCTh3hvr/7lhXo8ZVlbFLkz8+o/q1dU6gA==}
    cpu: [loong64]
    os: [linux]

  '@rollup/rollup-linux-loong64-musl@4.61.0':
    resolution: {integrity: sha512-LV8aWMB8UChglMCEzs7RkN0GsH29RJaLLqwm9fCIjlqwxQTiWAqNcc7wjBkH31hV0PU/yVxGYvrYsgfea2qw6g==}
    cpu: [loong64]
    os: [linux]

  '@rollup/rollup-linux-ppc64-gnu@4.61.0':
    resolution: {integrity: sha512-QoNSnwQtaeNu5grdBbsL0tt1uyl5EnS8DA8Mr3nluMXbhdQNyhN+G4tBax7VCdxLKj8YJ0/4OO9Ho84jMnJtKA==}
    cpu: [ppc64]
    os: [linux]

  '@rollup/rollup-linux-ppc64-musl@4.61.0':
    resolution: {integrity: sha512-/zZp5MKapIIApE8trN8qLGNSiRN9TUoaUZ1cmVu4XnVdd5LQLOXTtyi+vtfUbNnT3iyjzpPqYeKXmvJ+gJGYWw==}
    cpu: [ppc64]
    os: [linux]

  '@rollup/rollup-linux-riscv64-gnu@4.61.0':
    resolution: {integrity: sha512-RbrzcD3aJ1k3UbtMRRBNwojdVVyXjuVAFTfn/xPa6EEl6GE9Sm/akPgFTb9aAC9pMKGJ6CtWxaGrqWcabH+ySg==}
    cpu: [riscv64]
    os: [linux]

  '@rollup/rollup-linux-riscv64-musl@4.61.0':
    resolution: {integrity: sha512-ZF+onDsBso8PJf1XaG9lB+O9RnBpKGnY6OrzC4CSHrtC1jb6jWLTKK4bRqdoCXHd22gyr2hiYmEAm8Wns/BOCw==}
    cpu: [riscv64]
    os: [linux]

  '@rollup/rollup-linux-s390x-gnu@4.61.0':
    resolution: {integrity: sha512-Atk0aSIk5Zx2Wuh9dgRQgLP0Koc8hOeYpbWryMXyk8G8/HmPkwPPkMqIIDhrXHHYqfUzSJA/I7IWSBv8xSmRBA==}
    cpu: [s390x]
    os: [linux]

  '@rollup/rollup-linux-x64-gnu@4.61.0':
    resolution: {integrity: sha512-0uMOcf3eZ5K+K4cYHkdxShFMPlPXCOdfDFEFn9dNYAEEd2cVvmOfH7zFgRVoDgmtQ1m9k5q7qfrHzyMAubKYUA==}
    cpu: [x64]
    os: [linux]

  '@rollup/rollup-linux-x64-musl@4.61.0':
    resolution: {integrity: sha512-mvFtE4A/t/7hRJ7X8Ozmu8FsIkAUat2nzl12pgU337BRmq87AQUJztwHz2Zv5/tjo9/C95E66CK03SI/ToEDJw==}
    cpu: [x64]
    os: [linux]

  '@rollup/rollup-openbsd-x64@4.61.0':
    resolution: {integrity: sha512-z9b9+aTxvt8n2rNltMPvyaUfB8NJ+CVyOrGK/MdIKHx7B+lXmZpm/XbRsU7Rpf3fRqJ2uS6mBJiJveCtq8LHDg==}
    cpu: [x64]
    os: [openbsd]

  '@rollup/rollup-openharmony-arm64@4.61.0':
    resolution: {integrity: sha512-jXaXFqKMehsOc+g8R6oo33RRC6w07G9jDBxAE5eAKX7mOcCbZloYIPNhfG9Wl+P9O9IWHFO4OJgPi1Ml2qkt7w==}
    cpu: [arm64]
    os: [openharmony]

  '@rollup/rollup-win32-arm64-msvc@4.61.0':
    resolution: {integrity: sha512-OXNWVFocS2IA4+QplhTZZ2a+8hPZR7T8KuozsNmJKK8y7cp83StHvGksfHzPG3wczWTczyWHVQuqeiTUbjiyBg==}
    cpu: [arm64]
    os: [win32]

  '@rollup/rollup-win32-ia32-msvc@4.61.0':
    resolution: {integrity: sha512-AlAbNtBO637LxSldqV43z0FfXoGfl2TW1DgAg/bs7aQswFbDewz2SJm3BUhiGfbOVtW571xbc9p+REdxhyN/Eg==}
    cpu: [ia32]
    os: [win32]

  '@rollup/rollup-win32-x64-gnu@4.61.0':
    resolution: {integrity: sha512-QRSrQXyJ1M4tjNXdR0/G/IgV6lzfQQJYBjlWIEYkY2Xs86DRl/iEpQ4blMDjJxSl7n19eDKKXMg0AmuBVYy8pQ==}
    cpu: [x64]
    os: [win32]

  '@rollup/rollup-win32-x64-msvc@4.61.0':
    resolution: {integrity: sha512-tkuFxhvKO/HlGd0VsINF6vHSYH8AF8W0TcNxKDK6JZmrehngFj78pToc8iemtnvwilDjs2G/qSzYFhe9U8q+fw==}
    cpu: [x64]
    os: [win32]

  '@types/estree@1.0.9':
    resolution: {integrity: sha512-GhdPgy1el4/ImP05X05Uw4cw2/M93BCUmnEvWZNStlCzEKME4Fkk+YpoA5OiHNQmoS7Cafb8Xa3Pya8m1Qrzeg==}

  '@types/node@24.12.4':
    resolution: {integrity: sha512-GUUEShf+PBCGW2KaXwcIt3Yk+e3pkKwWKb9GSyM9WQVE+ep2jzmHdGsHzu4wgcZy5fN9FBdVzjpBQsYlpfpgLA==}

  '@types/resolve@1.20.2':
    resolution: {integrity: sha512-60BCwRFOZCQhDncwQdxxeOEEkbc5dIMccYLwbxsS4TUNeVECQ/pBJ0j09mrHOl/JJvpRPGwO9SvE4nR2Nb/a4Q==}

  argparse@2.0.1:
    resolution: {integrity: sha512-8+9WqebbFzpX9OR+Wa6O29asIogeRMzcGtAINdpMHHyAg10f05aSFVBbcEqGf/PXw1EjAZ+q2/bEBg3DvurK3Q==}

  balanced-match@4.0.4:
    resolution: {integrity: sha512-BLrgEcRTwX2o6gGxGOCNyMvGSp35YofuYzw9h1IMTRmKqttAZZVU67bdb9Pr2vUHA8+j3i2tJfjO6C6+4myGTA==}
    engines: {node: 18 || 20 || >=22}

  before-after-hook@4.0.0:
    resolution: {integrity: sha512-q6tR3RPqIB1pMiTRMFcZwuG5T8vwp+vUvEG0vuI6B+Rikh5BfPp2fQ82c925FOs+b0lcFQ8CFrL+KbilfZFhOQ==}

  brace-expansion@5.0.6:
    resolution: {integrity: sha512-kLpxurY4Z4r9sgMsyG0Z9uzsBlgiU/EFKhj/h91/8yHu0edo7XuixOIH3VcJ8kkxs6/jPzoI6U9Vj3WqbMQ94g==}
    engines: {node: 18 || 20 || >=22}

  commondir@1.0.1:
    resolution: {integrity: sha512-W9pAhw0ja1Edb5GVdIF1mjZw/ASI0AlShXM83UUGe2DVr5TdAPEA1OA8m/g8zWp9x6On7gqufY+FatDbC3MDQg==}

  deepmerge@4.3.1:
    resolution: {integrity: sha512-3sUqbMEc77XqpdNO7FRyRog+eW3ph+GYCbj+rK+uYyRMuwsVy0rMiVtPn+QJlKFvWP/1PYpapqYn0Me2knFn+A==}
    engines: {node: '>=0.10.0'}

  es-errors@1.3.0:
    resolution: {integrity: sha512-Zf5H2Kxt2xjTvbJvP2ZWLEICxA6j+hAmMzIlypy4xcBg1vKVnx89Wy0GbS+kf5cwCVFFzdCFh2XSCFNULS6csw==}
    engines: {node: '>= 0.4'}

  estree-walker@2.0.2:
    resolution: {integrity: sha512-Rfkk/Mp/DL7JVje3u18FxFujQlTNR2q6QfMSMB7AvCBx91NGj/ba3kCfza0f6dVDbw7YlRf/nDrn7pQrCCyQ/w==}

  fast-content-type-parse@3.0.0:
    resolution: {integrity: sha512-ZvLdcY8P+N8mGQJahJV5G4U88CSvT1rP8ApL6uETe88MBXrBHAkZlSEySdUlyztF7ccb+Znos3TFqaepHxdhBg==}

  fdir@6.5.0:
    resolution: {integrity: sha512-tIbYtZbucOs0BRGqPJkshJUYdL+SDH7dVM8gjy+ERp3WAUjLEFJE+02kanyHtwjWOnwrKYBiwAmM0p4kLJAnXg==}
    engines: {node: '>=12.0.0'}
    peerDependencies:
      picomatch: ^3 || ^4
    peerDependenciesMeta:
      picomatch:
        optional: true

  fsevents@2.3.3:
    resolution: {integrity: sha512-5xoDfX+fL7faATnagmWPpbFtwh/R77WmMMqqHGS65C3vvB0YHrgF+B1YmZ3441tMj5n63k0212XNoJwzlhffQw==}
    engines: {node: ^8.16.0 || ^10.6.0 || >=11.0.0}
    os: [darwin]

  function-bind@1.1.2:
    resolution: {integrity: sha512-7XHNxH7qX9xG5mIwxkhumTox/MIRNcOgDrxWsMt2pAr23WHp6MrRlN7FBSFpCpr+oVO0F744iUgR82nJMfG2SA==}

  glob@13.0.6:
    resolution: {integrity: sha512-Wjlyrolmm8uDpm/ogGyXZXb1Z+Ca2B8NbJwqBVg0axK9GbBeoS7yGV6vjXnYdGm6X53iehEuxxbyiKp8QmN4Vw==}
    engines: {node: 18 || 20 || >=22}

  hasown@2.0.3:
    resolution: {integrity: sha512-ej4AhfhfL2Q2zpMmLo7U1Uv9+PyhIZpgQLGT1F9miIGmiCJIoCgSmczFdrc97mWT4kVY72KA+WnnhJ5pghSvSg==}
    engines: {node: '>= 0.4'}

  is-core-module@2.16.2:
    resolution: {integrity: sha512-evOr8xfXKxE6qSR0hSXL2r3sd7ALj8+7jQEUvPYcm5sgZFdJ+AYzT6yNmJenvIYQBgIGwfwz08sL8zoL7yq2BA==}
    engines: {node: '>= 0.4'}

  is-module@1.0.0:
    resolution: {integrity: sha512-51ypPSPCoTEIN9dy5Oy+h4pShgJmPCygKfyRCISBI+JoWT/2oJvK8QPxmwv7b/p239jXrm9M1mlQbyKJ5A152g==}

  is-reference@1.2.1:
    resolution: {integrity: sha512-U82MsXXiFIrjCK4otLT+o2NA2Cd2g5MLoOVXUZjIOhLurrRxpEXzI8O0KZHr3IjLvlAH1kTPYSuqer5T9ZVBKQ==}

  js-yaml@4.2.0:
    resolution: {integrity: sha512-ePWsvanv0DWuDRsW8dnt+R4jQ31SCRCQ7hhNcPXZPsoBZiemuZNYGf7adZdqX2D86j6rvKp3RpCxVTSb8WQlOw==}
    hasBin: true

  json-with-bigint@3.5.8:
    resolution: {integrity: sha512-eq/4KP6K34kwa7TcFdtvnftvHCD9KvHOGGICWwMFc4dOOKF5t4iYqnfLK8otCRCRv06FXOzGGyqE8h8ElMvvdw==}

  lru-cache@11.3.6:
    resolution: {integrity: sha512-Gf/KoL3C/MlI7Bt0PGI9I+TeTC/I6r/csU58N4BSNc4lppLBeKsOdFYkK+dX0ABDUMJNfCHTyPpzwwO21Awd3A==}
    engines: {node: 20 || >=22}

  magic-string@0.30.21:
    resolution: {integrity: sha512-vd2F4YUyEXKGcLHoq+TEyCjxueSeHnFxyyjNp80yg0XV4vUhnDer/lvvlqM/arB5bXQN5K2/3oinyCRyx8T2CQ==}

  minimatch@10.2.5:
    resolution: {integrity: sha512-MULkVLfKGYDFYejP07QOurDLLQpcjk7Fw+7jXS2R2czRQzR56yHRveU5NDJEOviH+hETZKSkIk5c+T23GjFUMg==}
    engines: {node: 18 || 20 || >=22}

  minipass@7.1.3:
    resolution: {integrity: sha512-tEBHqDnIoM/1rXME1zgka9g6Q2lcoCkxHLuc7ODJ5BxbP5d4c2Z5cGgtXAku59200Cx7diuHTOYfSBD8n6mm8A==}
    engines: {node: '>=16 || 14 >=14.17'}

  package-json-from-dist@1.0.1:
    resolution: {integrity: sha512-UEZIS3/by4OC8vL3P2dTXRETpebLI2NiI5vIrjaD/5UtrkFX/tNbwjTSRAGC/+7CAo2pIcBaRgWmcBBHcsaCIw==}

  path-parse@1.0.7:
    resolution: {integrity: sha512-LDJzPVEEEPR+y48z93A0Ed0yXb8pAByGWo/k5YYdYgpY2/2EsOsksJrq7lOHxryrVOn1ejG6oAp8ahvOIQD8sw==}

  path-scurry@2.0.2:
    resolution: {integrity: sha512-3O/iVVsJAPsOnpwWIeD+d6z/7PmqApyQePUtCndjatj/9I5LylHvt5qluFaBT3I5h3r1ejfR056c+FCv+NnNXg==}
    engines: {node: 18 || 20 || >=22}

  picomatch@4.0.4:
    resolution: {integrity: sha512-QP88BAKvMam/3NxH6vj2o21R6MjxZUAd6nlwAS/pnGvN9IVLocLHxGYIzFhg6fUQ+5th6P4dv4eW9jX3DSIj7A==}
    engines: {node: '>=12'}

  resolve@1.22.12:
    resolution: {integrity: sha512-TyeJ1zif53BPfHootBGwPRYT1RUt6oGWsaQr8UyZW/eAm9bKoijtvruSDEmZHm92CwS9nj7/fWttqPCgzep8CA==}
    engines: {node: '>= 0.4'}
    hasBin: true

  rimraf@6.1.3:
    resolution: {integrity: sha512-LKg+Cr2ZF61fkcaK1UdkH2yEBBKnYjTyWzTJT6KNPcSPaiT7HSdhtMXQuN5wkTX0Xu72KQ1l8S42rlmexS2hSA==}
    engines: {node: 20 || >=22}
    hasBin: true

  rollup@4.61.0:
    resolution: {integrity: sha512-T9mWdbWfQtp0B5lv/HX+wrhYsmXRlcWnXXmJbXqKJhlRaoS6KMhq0gpyzW4UJfclcxrEdLnTgjT2NjruLONu0g==}
    engines: {node: '>=18.0.0', npm: '>=8.0.0'}
    hasBin: true

  supports-preserve-symlinks-flag@1.0.0:
    resolution: {integrity: sha512-ot0WnXS9fgdkgIcePe6RHNk1WA8+muPa6cSjeR3V8K27q9BB1rTE3R1p7Hv0z1ZyAc8s6Vvv8DIyWf681MAt0w==}
    engines: {node: '>= 0.4'}

  tslib@2.8.1:
    resolution: {integrity: sha512-oJFu94HQb+KVduSUQL7wnpmqnfmLsOA/nAh6b6EH0wCEoK0/mPeXU6c3wKDV83MkOuHPRHtSXKKU99IBazS/2w==}

  tunnel@0.0.6:
    resolution: {integrity: sha512-1h/Lnq9yajKY2PEbBadPXj3VxsDDu844OnaAo52UVmIzIvwwtBPIuNvkjuzBlTWpfJyUbG3ez0KSBibQkj4ojg==}
    engines: {node: '>=0.6.11 <=0.7.0 || >=0.7.3'}

  typescript@6.0.3:
    resolution: {integrity: sha512-y2TvuxSZPDyQakkFRPZHKFm+KKVqIisdg9/CZwm9ftvKXLP8NRWj38/ODjNbr43SsoXqNuAisEf1GdCxqWcdBw==}
    engines: {node: '>=14.17'}
    hasBin: true

  undici-types@7.16.0:
    resolution: {integrity: sha512-Zz+aZWSj8LE6zoxD+xrjh4VfkIG8Ya6LvYkZqtUQGJPZjYl53ypCaUwWqo7eI0x66KBGeRo+mlBEkMSeSZ38Nw==}

  undici@6.25.0:
    resolution: {integrity: sha512-ZgpWDC5gmNiuY9CnLVXEH8rl50xhRCuLNA97fAUnKi8RRuV4E6KG31pDTsLVUKnohJE0I3XDrTeEydAXRw47xg==}
    engines: {node: '>=18.17'}

  universal-user-agent@7.0.3:
    resolution: {integrity: sha512-TmnEAEAsBJVZM/AADELsK76llnwcf9vMKuPz8JflO1frO8Lchitr0fNaN9d+Ap0BjKtqWqd/J17qeDnXh8CL2A==}

snapshots:

  '@actions/core@3.0.1':
    dependencies:
      '@actions/exec': 3.0.0
      '@actions/http-client': 4.0.1

  '@actions/exec@3.0.0':
    dependencies:
      '@actions/io': 3.0.2

  '@actions/github@9.1.1':
    dependencies:
      '@actions/http-client': 3.0.2
      '@octokit/core': 7.0.6
      '@octokit/plugin-paginate-rest': 14.0.0(@octokit/core@7.0.6)
      '@octokit/plugin-rest-endpoint-methods': 17.0.0(@octokit/core@7.0.6)
      '@octokit/request': 10.0.8
      '@octokit/request-error': 7.1.0
      undici: 6.25.0

  '@actions/http-client@3.0.2':
    dependencies:
      tunnel: 0.0.6
      undici: 6.25.0

  '@actions/http-client@4.0.1':
    dependencies:
      tunnel: 0.0.6
      undici: 6.25.0

  '@actions/io@3.0.2': {}

  '@biomejs/biome@2.5.2':
    optionalDependencies:
      '@biomejs/cli-darwin-arm64': 2.5.2
      '@biomejs/cli-darwin-x64': 2.5.2
      '@biomejs/cli-linux-arm64': 2.5.2
      '@biomejs/cli-linux-arm64-musl': 2.5.2
      '@biomejs/cli-linux-x64': 2.5.2
      '@biomejs/cli-linux-x64-musl': 2.5.2
      '@biomejs/cli-win32-arm64': 2.5.2
      '@biomejs/cli-win32-x64': 2.5.2

  '@biomejs/cli-darwin-arm64@2.5.2':
    optional: true

  '@biomejs/cli-darwin-x64@2.5.2':
    optional: true

  '@biomejs/cli-linux-arm64-musl@2.5.2':
    optional: true

  '@biomejs/cli-linux-arm64@2.5.2':
    optional: true

  '@biomejs/cli-linux-x64-musl@2.5.2':
    optional: true

  '@biomejs/cli-linux-x64@2.5.2':
    optional: true

  '@biomejs/cli-win32-arm64@2.5.2':
    optional: true

  '@biomejs/cli-win32-x64@2.5.2':
    optional: true

  '@jridgewell/sourcemap-codec@1.5.5': {}

  '@octokit/auth-token@6.0.0': {}

  '@octokit/core@7.0.6':
    dependencies:
      '@octokit/auth-token': 6.0.0
      '@octokit/graphql': 9.0.3
      '@octokit/request': 10.0.8
      '@octokit/request-error': 7.1.0
      '@octokit/types': 16.0.0
      before-after-hook: 4.0.0
      universal-user-agent: 7.0.3

  '@octokit/endpoint@11.0.3':
    dependencies:
      '@octokit/types': 16.0.0
      universal-user-agent: 7.0.3

  '@octokit/graphql@9.0.3':
    dependencies:
      '@octokit/request': 10.0.8
      '@octokit/types': 16.0.0
      universal-user-agent: 7.0.3

  '@octokit/openapi-types@27.0.0': {}

  '@octokit/plugin-paginate-rest@14.0.0(@octokit/core@7.0.6)':
    dependencies:
      '@octokit/core': 7.0.6
      '@octokit/types': 16.0.0

  '@octokit/plugin-rest-endpoint-methods@17.0.0(@octokit/core@7.0.6)':
    dependencies:
      '@octokit/core': 7.0.6
      '@octokit/types': 16.0.0

  '@octokit/request-error@7.1.0':
    dependencies:
      '@octokit/types': 16.0.0

  '@octokit/request@10.0.8':
    dependencies:
      '@octokit/endpoint': 11.0.3
      '@octokit/request-error': 7.1.0
      '@octokit/types': 16.0.0
      fast-content-type-parse: 3.0.0
      json-with-bigint: 3.5.8
      universal-user-agent: 7.0.3

  '@octokit/types@16.0.0':
    dependencies:
      '@octokit/openapi-types': 27.0.0

  '@rollup/plugin-commonjs@29.0.3(rollup@4.61.0)':
    dependencies:
      '@rollup/pluginutils': 5.4.0(rollup@4.61.0)
      commondir: 1.0.1
      estree-walker: 2.0.2
      fdir: 6.5.0(picomatch@4.0.4)
      is-reference: 1.2.1
      magic-string: 0.30.21
      picomatch: 4.0.4
    optionalDependencies:
      rollup: 4.61.0

  '@rollup/plugin-node-resolve@16.0.3(rollup@4.61.0)':
    dependencies:
      '@rollup/pluginutils': 5.3.0(rollup@4.61.0)
      '@types/resolve': 1.20.2
      deepmerge: 4.3.1
      is-module: 1.0.0
      resolve: 1.22.12
    optionalDependencies:
      rollup: 4.61.0

  '@rollup/plugin-typescript@12.3.0(rollup@4.61.0)(tslib@2.8.1)(typescript@6.0.3)':
    dependencies:
      '@rollup/pluginutils': 5.3.0(rollup@4.61.0)
      resolve: 1.22.12
      typescript: 6.0.3
    optionalDependencies:
      rollup: 4.61.0
      tslib: 2.8.1

  '@rollup/pluginutils@5.3.0(rollup@4.61.0)':
    dependencies:
      '@types/estree': 1.0.9
      estree-walker: 2.0.2
      picomatch: 4.0.4
    optionalDependencies:
      rollup: 4.61.0

  '@rollup/pluginutils@5.4.0(rollup@4.61.0)':
    dependencies:
      '@types/estree': 1.0.9
      estree-walker: 2.0.2
      picomatch: 4.0.4
    optionalDependencies:
      rollup: 4.61.0

  '@rollup/rollup-android-arm-eabi@4.61.0':
    optional: true

  '@rollup/rollup-android-arm64@4.61.0':
    optional: true

  '@rollup/rollup-darwin-arm64@4.61.0':
    optional: true

  '@rollup/rollup-darwin-x64@4.61.0':
    optional: true

  '@rollup/rollup-freebsd-arm64@4.61.0':
    optional: true

  '@rollup/rollup-freebsd-x64@4.61.0':
    optional: true

  '@rollup/rollup-linux-arm-gnueabihf@4.61.0':
    optional: true

  '@rollup/rollup-linux-arm-musleabihf@4.61.0':
    optional: true

  '@rollup/rollup-linux-arm64-gnu@4.61.0':
    optional: true

  '@rollup/rollup-linux-arm64-musl@4.61.0':
    optional: true

  '@rollup/rollup-linux-loong64-gnu@4.61.0':
    optional: true

  '@rollup/rollup-linux-loong64-musl@4.61.0':
    optional: true

  '@rollup/rollup-linux-ppc64-gnu@4.61.0':
    optional: true

  '@rollup/rollup-linux-ppc64-musl@4.61.0':
    optional: true

  '@rollup/rollup-linux-riscv64-gnu@4.61.0':
    optional: true

  '@rollup/rollup-linux-riscv64-musl@4.61.0':
    optional: true

  '@rollup/rollup-linux-s390x-gnu@4.61.0':
    optional: true

  '@rollup/rollup-linux-x64-gnu@4.61.0':
    optional: true

  '@rollup/rollup-linux-x64-musl@4.61.0':
    optional: true

  '@rollup/rollup-openbsd-x64@4.61.0':
    optional: true

  '@rollup/rollup-openharmony-arm64@4.61.0':
    optional: true

  '@rollup/rollup-win32-arm64-msvc@4.61.0':
    optional: true

  '@rollup/rollup-win32-ia32-msvc@4.61.0':
    optional: true

  '@rollup/rollup-win32-x64-gnu@4.61.0':
    optional: true

  '@rollup/rollup-win32-x64-msvc@4.61.0':
    optional: true

  '@types/estree@1.0.9': {}

  '@types/node@24.12.4':
    dependencies:
      undici-types: 7.16.0

  '@types/resolve@1.20.2': {}

  argparse@2.0.1: {}

  balanced-match@4.0.4: {}

  before-after-hook@4.0.0: {}

  brace-expansion@5.0.6:
    dependencies:
      balanced-match: 4.0.4

  commondir@1.0.1: {}

  deepmerge@4.3.1: {}

  es-errors@1.3.0: {}

  estree-walker@2.0.2: {}

  fast-content-type-parse@3.0.0: {}

  fdir@6.5.0(picomatch@4.0.4):
    optionalDependencies:
      picomatch: 4.0.4

  fsevents@2.3.3:
    optional: true

  function-bind@1.1.2: {}

  glob@13.0.6:
    dependencies:
      minimatch: 10.2.5
      minipass: 7.1.3
      path-scurry: 2.0.2

  hasown@2.0.3:
    dependencies:
      function-bind: 1.1.2

  is-core-module@2.16.2:
    dependencies:
      hasown: 2.0.3

  is-module@1.0.0: {}

  is-reference@1.2.1:
    dependencies:
      '@types/estree': 1.0.9

  js-yaml@4.2.0:
    dependencies:
      argparse: 2.0.1

  json-with-bigint@3.5.8: {}

  lru-cache@11.3.6: {}

  magic-string@0.30.21:
    dependencies:
      '@jridgewell/sourcemap-codec': 1.5.5

  minimatch@10.2.5:
    dependencies:
      brace-expansion: 5.0.6

  minipass@7.1.3: {}

  package-json-from-dist@1.0.1: {}

  path-parse@1.0.7: {}

  path-scurry@2.0.2:
    dependencies:
      lru-cache: 11.3.6
      minipass: 7.1.3

  picomatch@4.0.4: {}

  resolve@1.22.12:
    dependencies:
      es-errors: 1.3.0
      is-core-module: 2.16.2
      path-parse: 1.0.7
      supports-preserve-symlinks-flag: 1.0.0

  rimraf@6.1.3:
    dependencies:
      glob: 13.0.6
      package-json-from-dist: 1.0.1

  rollup@4.61.0:
    dependencies:
      '@types/estree': 1.0.9
    optionalDependencies:
      '@rollup/rollup-android-arm-eabi': 4.61.0
      '@rollup/rollup-android-arm64': 4.61.0
      '@rollup/rollup-darwin-arm64': 4.61.0
      '@rollup/rollup-darwin-x64': 4.61.0
      '@rollup/rollup-freebsd-arm64': 4.61.0
      '@rollup/rollup-freebsd-x64': 4.61.0
      '@rollup/rollup-linux-arm-gnueabihf': 4.61.0
      '@rollup/rollup-linux-arm-musleabihf': 4.61.0
      '@rollup/rollup-linux-arm64-gnu': 4.61.0
      '@rollup/rollup-linux-arm64-musl': 4.61.0
      '@rollup/rollup-linux-loong64-gnu': 4.61.0
      '@rollup/rollup-linux-loong64-musl': 4.61.0
      '@rollup/rollup-linux-ppc64-gnu': 4.61.0
      '@rollup/rollup-linux-ppc64-musl': 4.61.0
      '@rollup/rollup-linux-riscv64-gnu': 4.61.0
      '@rollup/rollup-linux-riscv64-musl': 4.61.0
      '@rollup/rollup-linux-s390x-gnu': 4.61.0
      '@rollup/rollup-linux-x64-gnu': 4.61.0
      '@rollup/rollup-linux-x64-musl': 4.61.0
      '@rollup/rollup-openbsd-x64': 4.61.0
      '@rollup/rollup-openharmony-arm64': 4.61.0
      '@rollup/rollup-win32-arm64-msvc': 4.61.0
      '@rollup/rollup-win32-ia32-msvc': 4.61.0
      '@rollup/rollup-win32-x64-gnu': 4.61.0
      '@rollup/rollup-win32-x64-msvc': 4.61.0
      fsevents: 2.3.3

  supports-preserve-symlinks-flag@1.0.0: {}

  tslib@2.8.1: {}

  tunnel@0.0.6: {}

  typescript@6.0.3: {}

  undici-types@7.16.0: {}

  undici@6.25.0: {}

  universal-user-agent@7.0.3: {}
